// !$*UTF8*$!
{
	archiveVersion = 1;
	classes = {
	};
	objectVersion = 48;
	objects = {

/* Begin PBXBuildFile section */
		91F8E7022119CC5D002ACFD5 /* AppDelegate.swift in Sources */ = {isa = PBXBuildFile; fileRef = 91F8E7012119CC5D002ACFD5 /* AppDelegate.swift */; };
		91F8E7042119CC5D002ACFD5 /* ViewController.swift in Sources */ = {isa = PBXBuildFile; fileRef = 91F8E7032119CC5D002ACFD5 /* ViewController.swift */; };
		91F8E7072119CC5D002ACFD5 /* Main.storyboard in Resources */ = {isa = PBXBuildFile; fileRef = 91F8E7052119CC5D002ACFD5 /* Main.storyboard */; };
		91F8E7092119CC60002ACFD5 /* Assets.xcassets in Resources */ = {isa = PBXBuildFile; fileRef = 91F8E7082119CC60002ACFD5 /* Assets.xcassets */; };
		91F8E70C2119CC60002ACFD5 /* LaunchScreen.storyboard in Resources */ = {isa = PBXBuildFile; fileRef = 91F8E70A2119CC60002ACFD5 /* LaunchScreen.storyboard */; };
		91F8E7142119CE98002ACFD5 /* TTTextView.swift in Sources */ = {isa = PBXBuildFile; fileRef = 91F8E7132119CE98002ACFD5 /* TTTextView.swift */; };
/* End PBXBuildFile section */

/* Begin PBXFileReference section */
		91F8E6FE2119CC5D002ACFD5 /* textSizeVsTextView.app */ = {isa = PBXFileReference; explicitFileType = wrapper.application; includeInIndex = 0; path = textSizeVsTextView.app; sourceTree = BUILT_PRODUCTS_DIR; };
		91F8E7012119CC5D002ACFD5 /* AppDelegate.swift */ = {isa = PBXFileReference; lastKnownFileType = sourcecode.swift; path = AppDelegate.swift; sourceTree = "<group>"; };
		91F8E7032119CC5D002ACFD5 /* ViewController.swift */ = {isa = PBXFileReference; lastKnownFileType = sourcecode.swift; path = ViewController.swift; sourceTree = "<group>"; };
		91F8E7062119CC5D002ACFD5 /* Base */ = {isa = PBXFileReference; lastKnownFileType = file.storyboard; name = Base; path = Base.lproj/Main.storyboard; sourceTree = "<group>"; };
		91F8E7082119CC60002ACFD5 /* Assets.xcassets */ = {isa = PBXFileReference; lastKnownFileType = folder.assetcatalog; path = Assets.xcassets; sourceTree = "<group>"; };
		91F8E70B2119CC60002ACFD5 /* Base */ = {isa = PBXFileReference; lastKnownFileType = file.storyboard; name = Base; path = Base.lproj/LaunchScreen.storyboard; sourceTree = "<group>"; };
		91F8E70D2119CC60002ACFD5 /* Info.plist */ = {isa = PBXFileReference; lastKnownFileType = text.plist.xml; path = Info.plist; sourceTree = "<group>"; };
		91F8E7132119CE98002ACFD5 /* TTTextView.swift */ = {isa = PBXFileReference; lastKnownFileType = sourcecode.swift; path = TTTextView.swift; sourceTree = "<group>"; };
/* End PBXFileReference section */

/* Begin PBXFrameworksBuildPhase section */
		91F8E6FB2119CC5D002ACFD5 /* Frameworks */ = {
			isa = PBXFrameworksBuildPhase;
			buildActionMask = 2147483647;
			files = (
			);
			runOnlyForDeploymentPostprocessing = 0;
		};
/* End PBXFrameworksBuildPhase section */

/* Begin PBXGroup section */
		91F8E6F52119CC5D002ACFD5 = {
			isa = PBXGroup;
			children = (
				91F8E7002119CC5D002ACFD5 /* textSizeVsTextView */,
				91F8E6FF2119CC5D002ACFD5 /* Products */,
			);
			sourceTree = "<group>";
		};
		91F8E6FF2119CC5D002ACFD5 /* Products */ = {
			isa = PBXGroup;
			children = (
				91F8E6FE2119CC5D002ACFD5 /* textSizeVsTextView.app */,
			);
			name = Products;
			sourceTree = "<group>";
		};
		91F8E7002119CC5D002ACFD5 /* textSizeVsTextView */ = {
			isa = PBXGroup;
			children = (
				91F8E7012119CC5D002ACFD5 /* AppDelegate.swift */,
				91F8E7132119CE98002ACFD5 /* TTTextView.swift */,
				91F8E7032119CC5D002ACFD5 /* ViewController.swift */,
				91F8E7052119CC5D002ACFD5 /* Main.storyboard */,
				91F8E7082119CC60002ACFD5 /* Assets.xcassets */,
				91F8E70A2119CC60002ACFD5 /* LaunchScreen.storyboard */,
				91F8E70D2119CC60002ACFD5 /* Info.plist */,
			);
			path = textSizeVsTextView;
			sourceTree = "<group>";
		};
/* End PBXGroup section */

/* Begin PBXNativeTarget section */
		91F8E6FD2119CC5D002ACFD5 /* textSizeVsTextView */ = {
			isa = PBXNativeTarget;
			buildConfigurationList = 91F8E7102119CC60002ACFD5 /* Build configuration list for PBXNativeTarget "textSizeVsTextView" */;
			buildPhases = (
				91F8E6FA2119CC5D002ACFD5 /* Sources */,
				91F8E6FB2119CC5D002ACFD5 /* Frameworks */,
				91F8E6FC2119CC5D002ACFD5 /* Resources */,
			);
			buildRules = (
			);
			dependencies = (
			);
			name = textSizeVsTextView;
			productName = textSizeVsTextView;
			productReference = 91F8E6FE2119CC5D002ACFD5 /* textSizeVsTextView.app */;
			productType = "com.apple.product-type.application";
		};
/* End PBXNativeTarget section */

/* Begin PBXProject section */
		91F8E6F62119CC5D002ACFD5 /* Project object */ = {
			isa = PBXProject;
			attributes = {
				LastSwiftUpdateCheck = 0940;
				LastUpgradeCheck = 0940;
				ORGANIZATIONNAME = "Volodymyr Viniarskyi";
				TargetAttributes = {
					91F8E6FD2119CC5D002ACFD5 = {
						CreatedOnToolsVersion = 9.4.1;
						ProvisioningStyle = Automatic;
					};
				};
			};
			buildConfigurationList = 91F8E6F92119CC5D002ACFD5 /* Build configuration list for PBXProject "textSizeVsTextView" */;
			compatibilityVersion = "Xcode 8.0";
			developmentRegion = en;
			hasScannedForEncodings = 0;
			knownRegions = (
				en,
				Base,
			);
			mainGroup = 91F8E6F52119CC5D002ACFD5;
			productRefGroup = 91F8E6FF2119CC5D002ACFD5 /* Products */;
			projectDirPath = "";
			projectRoot = "";
			targets = (
				91F8E6FD2119CC5D002ACFD5 /* textSizeVsTextView */,
			);
		};
/* End PBXProject section */

/* Begin PBXResourcesBuildPhase section */
		91F8E6FC2119CC5D002ACFD5 /* Resources */ = {
			isa = PBXResourcesBuildPhase;
			buildActionMask = 2147483647;
			files = (
				91F8E70C2119CC60002ACFD5 /* LaunchScreen.storyboard in Resources */,
				91F8E7092119CC60002ACFD5 /* Assets.xcassets in Resources */,
				91F8E7072119CC5D002ACFD5 /* Main.storyboard in Resources */,
			);
			runOnlyForDeploymentPostprocessing = 0;
		};
/* End PBXResourcesBuildPhase section */

/* Begin PBXSourcesBuildPhase section */
		91F8E6FA2119CC5D002ACFD5 /* Sources */ = {
			isa = PBXSourcesBuildPhase;
			buildActionMask = 2147483647;
			files = (
				91F8E7042119CC5D002ACFD5 /* ViewController.swift in Sources */,
				91F8E7022119CC5D002ACFD5 /* AppDelegate.swift in Sources */,
				91F8E7142119CE98002ACFD5 /* TTTextView.swift in Sources */,
			);
			runOnlyForDeploymentPostprocessing = 0;
		};
/* End PBXSourcesBuildPhase section */

/* Begin PBXVariantGroup section */
		91F8E7052119CC5D002ACFD5 /* Main.storyboard */ = {
			isa = PBXVariantGroup;
			children = (
				91F8E7062119CC5D002ACFD5 /* Base */,
			);
			name = Main.storyboard;
			sourceTree = "<group>";
		};
		91F8E70A2119CC60002ACFD5 /* LaunchScreen.storyboard */ = {
			isa = PBXVariantGroup;
			children = (
				91F8E70B2119CC60002ACFD5 /* Base */,
			);
			name = LaunchScreen.storyboard;
			sourceTree = "<group>";
		};
/* End PBXVariantGroup section */

/* Begin XCBuildConfiguration section */
		91F8E70E2119CC60002ACFD5 /* Debug */ = {
			isa = XCBuildConfiguration;
			buildSettings = {
				ALWAYS_SEARCH_USER_PATHS = NO;
				CLANG_ANALYZER_NONNULL = YES;
				CLANG_ANALYZER_NUMBER_OBJECT_CONVERSION = YES_AGGRESSIVE;
				CLANG_CXX_LANGUAGE_STANDARD = "gnu++14";
				CLANG_CXX_LIBRARY = "libc++";
				CLANG_ENABLE_MODULES = YES;
				CLANG_ENABLE_OBJC_ARC = YES;
				CLANG_ENABLE_OBJC_WEAK = YES;
				CLANG_WARN_BLOCK_CAPTURE_AUTORELEASING = YES;
				CLANG_WARN_BOOL_CONVERSION = YES;
				CLANG_WARN_COMMA = YES;
				CLANG_WARN_CONSTANT_CONVERSION = YES;
				CLANG_WARN_DEPRECATED_OBJC_IMPLEMENTATIONS = YES;
				CLANG_WARN_DIRECT_OBJC_ISA_USAGE = YES_ERROR;
				CLANG_WARN_DOCUMENTATION_COMMENTS = YES;
				CLANG_WARN_EMPTY_BODY = YES;
				CLANG_WARN_ENUM_CONVERSION = YES;
				CLANG_WARN_INFINITE_RECURSION = YES;
				CLANG_WARN_INT_CONVERSION = YES;
				CLANG_WARN_NON_LITERAL_NULL_CONVERSION = YES;
				CLANG_WARN_OBJC_IMPLICIT_RETAIN_SELF = YES;
				CLANG_WARN_OBJC_LITERAL_CONVERSION = YES;
				CLANG_WARN_OBJC_ROOT_CLASS = YES_ERROR;
				CLANG_WARN_RANGE_LOOP_ANALYSIS = YES;
				CLANG_WARN_STRICT_PROTOTYPES = YES;
				CLANG_WARN_SUSPICIOUS_MOVE = YES;
				CLANG_WARN_UNGUARDED_AVAILABILITY = YES_AGGRESSIVE;
				CLANG_WARN_UNREACHABLE_CODE = YES;
				CLANG_WARN__DUPLICATE_METHOD_MATCH = YES;
				CODE_SIGN_IDENTITY = "iPhone Developer";
				COPY_PHASE_STRIP = NO;
				DEBUG_INFORMATION_FORMAT = dwarf;
				ENABLE_STRICT_OBJC_MSGSEND = YES;
				ENABLE_TESTABILITY = YES;
				GCC_C_LANGUAGE_STANDARD = gnu11;
				GCC_DYNAMIC_NO_PIC = NO;
				GCC_NO_COMMON_BLOCKS = YES;
				GCC_OPTIMIZATION_LEVEL = 0;
				GCC_PREPROCESSOR_DEFINITIONS = (
					"DEBUG=1",
					"$(inherited)",
				);
				GCC_WARN_64_TO_32_BIT_CONVERSION = YES;
				GCC_WARN_ABOUT_RETURN_TYPE = YES_ERROR;
				GCC_WARN_UNDECLARED_SELECTOR = YES;
				GCC_WARN_UNINITIALIZED_AUTOS = YES_AGGRESSIVE;
				GCC_WARN_UNUSED_FUNCTION = YES;
				GCC_WARN_UNUSED_VARIABLE = YES;
				IPHONEOS_DEPLOYMENT_TARGET = 10.3;
				MTL_ENABLE_DEBUG_INFO = YES;
				ONLY_ACTIVE_ARCH = YES;
				SDKROOT = iphoneos;
				SWIFT_ACTIVE_COMPILATION_CONDITIONS = DEBUG;
				SWIFT_OPTIMIZATION_LEVEL = "-Onone";
			};
			name = Debug;
		};
		91F8E70F2119CC60002ACFD5 /* Release */ = {
			isa = XCBuildConfiguration;
			buildSettings = {
				ALWAYS_SEARCH_USER_PATHS = NO;
				CLANG_ANALYZER_NONNULL = YES;
				CLANG_ANALYZER_NUMBER_OBJECT_CONVERSION = YES_AGGRESSIVE;
				CLANG_CXX_LANGUAGE_STANDARD = "gnu++14";
				CLANG_CXX_LIBRARY = "libc++";
				CLANG_ENABLE_MODULES = YES;
				CLANG_ENABLE_OBJC_ARC = YES;
				CLANG_ENABLE_OBJC_WEAK = YES;
				CLANG_WARN_BLOCK_CAPTURE_AUTORELEASING = YES;
				CLANG_WARN_BOOL_CONVERSION = YES;
				CLANG_WARN_COMMA = YES;
				CLANG_WARN_CONSTANT_CONVERSION = YES;
				CLANG_WARN_DEPRECATED_OBJC_IMPLEMENTATIONS = YES;
				CLANG_WARN_DIRECT_OBJC_ISA_USAGE = YES_ERROR;
				CLANG_WARN_DOCUMENTATION_COMMENTS = YES;
				CLANG_WARN_EMPTY_BODY = YES;
				CLANG_WARN_ENUM_CONVERSION = YES;
				CLANG_WARN_INFINITE_RECURSION = YES;
				CLANG_WARN_INT_CONVERSION = YES;
				CLANG_WARN_NON_LITERAL_NULL_CONVERSION = YES;
				CLANG_WARN_OBJC_IMPLICIT_RETAIN_SELF = YES;
				CLANG_WARN_OBJC_LITERAL_CONVERSION = YES;
				CLANG_WARN_OBJC_ROOT_CLASS = YES_ERROR;
				CLANG_WARN_RANGE_LOOP_ANALYSIS = YES;
				CLANG_WARN_STRICT_PROTOTYPES = YES;
				CLANG_WARN_SUSPICIOUS_MOVE = YES;
				CLANG_WARN_UNGUARDED_AVAILABILITY = YES_AGGRESSIVE;
				CLANG_WARN_UNREACHABLE_CODE = YES;
				CLANG_WARN__DUPLICATE_METHOD_MATCH = YES;
				CODE_SIGN_IDENTITY = "iPhone Developer";
				COPY_PHASE_STRIP = NO;
				DEBUG_INFORMATION_FORMAT = "dwarf-with-dsym";
				ENABLE_NS_ASSERTIONS = NO;
				ENABLE_STRICT_OBJC_MSGSEND = YES;
				GCC_C_LANGUAGE_STANDARD = gnu11;
				GCC_NO_COMMON_BLOCKS = YES;
				GCC_WARN_64_TO_32_BIT_CONVERSION = YES;
				GCC_WARN_ABOUT_RETURN_TYPE = YES_ERROR;
				GCC_WARN_UNDECLARED_SELECTOR = YES;
				GCC_WARN_UNINITIALIZED_AUTOS = YES_AGGRESSIVE;
				GCC_WARN_UNUSED_FUNCTION = YES;
				GCC_WARN_UNUSED_VARIABLE = YES;
				IPHONEOS_DEPLOYMENT_TARGET = 10.3;
				MTL_ENABLE_DEBUG_INFO = NO;
				SDKROOT = iphoneos;
				SWIFT_OPTIMIZATION_LEVEL = "-Owholemodule";
				VALIDATE_PRODUCT = YES;
			};
			name = Release;
		};
		91F8E7112119CC60002ACFD5 /* Debug */ = {
			isa = XCBuildConfiguration;
			buildSettings = {
				ASSETCATALOG_COMPILER_APPICON_NAME = AppIcon;
				CODE_SIGN_STYLE = Automatic;
				DEVELOPMENT_TEAM = PBLK7VB9B2;
				INFOPLIST_FILE = textSizeVsTextView/Info.plist;
				LD_RUNPATH_SEARCH_PATHS = "$(inherited) @executable_path/Frameworks";
				PRODUCT_BUNDLE_IDENTIFIER = win.test.textSizeVsTextView;
				PRODUCT_NAME = "$(TARGET_NAME)";
				SWIFT_VERSION = 4.0;
				TARGETED_DEVICE_FAMILY = "1,2";
			};
			name = Debug;
		};
		91F8E7122119CC60002ACFD5 /* Release */ = {
			isa = XCBuildConfiguration;
			buildSettings = {
				ASSETCATALOG_COMPILER_APPICON_NAME = AppIcon;
				CODE_SIGN_STYLE = Automatic;
				DEVELOPMENT_TEAM = PBLK7VB9B2;
				INFOPLIST_FILE = textSizeVsTextView/Info.plist;
				LD_RUNPATH_SEARCH_PATHS = "$(inherited) @executable_path/Frameworks";
				PRODUCT_BUNDLE_IDENTIFIER = win.test.textSizeVsTextView;
				PRODUCT_NAME = "$(TARGET_NAME)";
				SWIFT_VERSION = 4.0;
				TARGETED_DEVICE_FAMILY = "1,2";
			};
			name = Release;
		};
/* End XCBuildConfiguration section */

/* Begin XCConfigurationList section */
		91F8E6F92119CC5D002ACFD5 /* Build configuration list for PBXProject "textSizeVsTextView" */ = {
			isa = XCConfigurationList;
			buildConfigurations = (
				91F8E70E2119CC60002ACFD5 /* Debug */,
				91F8E70F2119CC60002ACFD5 /* Release */,
			);
			defaultConfigurationIsVisible = 0;
			defaultConfigurationName = Release;
		};
		91F8E7102119CC60002ACFD5 /* Build configuration list for PBXNativeTarget "textSizeVsTextView" */ = {
			isa = XCConfigurationList;
			buildConfigurations = (
				91F8E7112119CC60002ACFD5 /* Debug */,
				91F8E7122119CC60002ACFD5 /* Release */,
			);
			defaultConfigurationIsVisible = 0;
			defaultConfigurationName = Release;
		};
/* End XCConfigurationList section */
	};
	rootObject = 91F8E6F62119CC5D002ACFD5 /* Project object */;
}
